# This file is automatically @generated by Cargo.
# It is not intended for manual editing.
version = 4

[[package]]
name = "acp-anchor"
version = "0.0.0"
dependencies = [
 "acp-core",
]

[[package]]
name = "acp-conformance"
version = "0.0.0"
dependencies = [
 "acp-core",
 "acp-crypto",
]

[[package]]
name = "acp-core"
version = "0.0.0"

[[package]]
name = "acp-crypto"
version = "0.0.0"

[[package]]
name = "acp-executor"
version = "0.0.0"
dependencies = [
 "acp-core",
 "acp-crypto",
]

[[package]]
name = "acp-ledger"
version = "0.0.0"
dependencies = [
 "acp-core",
]

[[package]]
name = "acp-policy"
version = "0.0.0"
dependencies = [
 "acp-core",
]
